// !$*UTF8*$!
{
	archiveVersion = 1;
	classes = {
	};
	objectVersion = 46;
	objects = {
/* Begin PBXBuildFile section */
		0207DA581B56EA530066E2B4 /* Images.xcassets in Resources */ = {isa = PBXBuildFile; fileRef = 0207DA571B56EA530066E2B4 /* Images.xcassets */; };
		1D3623260D0F684500981E51 /* AppDelegate.m in Sources */ = {isa = PBXBuildFile; fileRef = 1D3623250D0F684500981E51 /* AppDelegate.m */; };
		1D60589B0D05DD56006BFB54 /* main.m in Sources */ = {isa = PBXBuildFile; fileRef = 29B97316FDCFA39411CA2CEA /* main.m */; };
		301BF552109A68D80062928A /* libCordova.a in Frameworks */ = {isa = PBXBuildFile; fileRef = 301BF535109A57CC0062928A /* libCordova.a */; };
		302D95F114D2391D003F00A1 /* MainViewController.m in Sources */ = {isa = PBXBuildFile; fileRef = 302D95EF14D2391D003F00A1 /* MainViewController.m */; };
		302D95F214D2391D003F00A1 /* MainViewController.xib in Resources */ = {isa = PBXBuildFile; fileRef = 302D95F014D2391D003F00A1 /* MainViewController.xib */; };
		3047A5121AB8059700498E2A /* build-debug.xcconfig in Resources */ = {isa = PBXBuildFile; fileRef = 3047A50F1AB8059700498E2A /* build-debug.xcconfig */; };
		3047A5131AB8059700498E2A /* build-release.xcconfig in Resources */ = {isa = PBXBuildFile; fileRef = 3047A5101AB8059700498E2A /* build-release.xcconfig */; };
		3047A5141AB8059700498E2A /* build.xcconfig in Resources */ = {isa = PBXBuildFile; fileRef = 3047A5111AB8059700498E2A /* build.xcconfig */; };
		6AFF5BF91D6E424B00AB3073 /* CDVLaunchScreen.storyboard in Resources */ = {isa = PBXBuildFile; fileRef = 6AFF5BF81D6E424B00AB3073 /* CDVLaunchScreen.storyboard */; };
		FEDB0071D8794709A64D84F9 /* LaunchScreenStoryboard.m in Sources */ = {isa = PBXBuildFile; fileRef = 45ABB05C1E91489391EF68E2 /* LaunchScreenStoryboard.m */; };
		B70A40781C334CFC886BD8AD /* NativeStorage.m in Sources */ = {isa = PBXBuildFile; fileRef = 45900124910E47F9A7A4C8BD /* NativeStorage.m */; };
		1606A43B41BC4CCCB905F72E /* CDVOrientation.m in Sources */ = {isa = PBXBuildFile; fileRef = 1AAEED02713C4524949A7924 /* CDVOrientation.m */; };
		EE3252C5129C468E82DCBEC1 /* EnrollFinishViewController.m in Sources */ = {isa = PBXBuildFile; fileRef = E655DD065458448A865024E6 /* EnrollFinishViewController.m */; };
		09EE8226948B4CF5BA504FE6 /* EnrollSetupViewController.m in Sources */ = {isa = PBXBuildFile; fileRef = E1AA82342DA7428AA656FC2A /* EnrollSetupViewController.m */; };
		83A025E28AA24911A54295D3 /* EnrollViewController.m in Sources */ = {isa = PBXBuildFile; fileRef = 103D79F483EA4879974CD2C9 /* EnrollViewController.m */; };
		C720C350A8C9499A96A7C0B7 /* MainNavigationController.m in Sources */ = {isa = PBXBuildFile; fileRef = 4A13DD732E7446E68BD98821 /* MainNavigationController.m */; };
		7067B7C388C04F808249A588 /* ResponseManager.m in Sources */ = {isa = PBXBuildFile; fileRef = 18C508E8804F4827B07568A6 /* ResponseManager.m */; };
		161902A1D85D4B6384EB5BA3 /* SpinningView.m in Sources */ = {isa = PBXBuildFile; fileRef = 696645CAD76C487089D95396 /* SpinningView.m */; };
		4337E7FBEADE438AAF17F943 /* Utilities.m in Sources */ = {isa = PBXBuildFile; fileRef = 688A831197C647FCA648329C /* Utilities.m */; };
		388876671AA94257A7115727 /* Styles.m in Sources */ = {isa = PBXBuildFile; fileRef = D4AF71DBC74B42BDB75B9C10 /* Styles.m */; };
		9271A1ADEC8E42D6B784029E /* VoiceItLogo.m in Sources */ = {isa = PBXBuildFile; fileRef = 78D74119F44046B1B9326AD5 /* VoiceItLogo.m */; };
		327D341810DB403A84A9C39F /* VerificationViewController.m in Sources */ = {isa = PBXBuildFile; fileRef = 6CD9D9CE43D0427C8DEE4236 /* VerificationViewController.m */; };
		19F697BDEBFC4592A011EAFA /* VoiceItAPITwo.m in Sources */ = {isa = PBXBuildFile; fileRef = 9E56DBC6E7104DC1A415ECD5 /* VoiceItAPITwo.m */; };
		AD2773147D124F0B9AC94827 /* VoiceItCordova.m in Sources */ = {isa = PBXBuildFile; fileRef = 261EFA771D8A4115B99A77A3 /* VoiceItCordova.m */; };
		2CFC7FADCAFA4568BF23E78C /* VoiceIt.storyboard in Resources */ = {isa = PBXBuildFile; fileRef = 347685FBDF8D4AE8AAE621DA /* VoiceIt.storyboard */; };
		6D95FE37F2D14EA88312FF04 /* Prompts.strings in Resources */ = {isa = PBXBuildFile; fileRef = 3709E0EC8AE345DF9942F796 /* Prompts.strings */; };
		BF2542C830D54CDDAFF111E6 /* Foundation.framework in Frameworks */ = {isa = PBXBuildFile; fileRef = 8E41A323FBAE426A9223EFF7 /* Foundation.framework */; };
		78114C9A5FC84120ADEA0AFB /* UIKit.framework in Frameworks */ = {isa = PBXBuildFile; fileRef = 42F1776892644EE3B033E177 /* UIKit.framework */; };
		F1DD21F48CEF416682C63CDA /* AVFoundation.framework in Frameworks */ = {isa = PBXBuildFile; fileRef = 63D1B9C92BD045C687003581 /* AVFoundation.framework */; };
/* End PBXBuildFile section */

/* Begin PBXContainerItemProxy section */
		301BF534109A57CC0062928A /* PBXContainerItemProxy */ = {
			isa = PBXContainerItemProxy;
			containerPortal = 301BF52D109A57CC0062928A /* CordovaLib.xcodeproj */;
			proxyType = 2;
			remoteGlobalIDString = D2AAC07E0554694100DB518D;
			remoteInfo = CordovaLib;
		};
		301BF550109A68C00062928A /* PBXContainerItemProxy */ = {
			isa = PBXContainerItemProxy;
			containerPortal = 301BF52D109A57CC0062928A /* CordovaLib.xcodeproj */;
			proxyType = 1;
			remoteGlobalIDString = D2AAC07D0554694100DB518D;
			remoteInfo = CordovaLib;
		};
/* End PBXContainerItemProxy section */

/* Begin PBXFileReference section */
		0207DA571B56EA530066E2B4 /* Images.xcassets */ = {isa = PBXFileReference; lastKnownFileType = folder.assetcatalog; name = Images.xcassets; path = "VoiceIt API 2 Cordova Demo App/Images.xcassets"; sourceTree = SOURCE_ROOT; };
		1D3623240D0F684500981E51 /* AppDelegate.h */ = {isa = PBXFileReference; fileEncoding = 4; lastKnownFileType = sourcecode.c.h; path = AppDelegate.h; sourceTree = "<group>"; };
		1D3623250D0F684500981E51 /* AppDelegate.m */ = {isa = PBXFileReference; fileEncoding = 4; lastKnownFileType = sourcecode.c.objc; path = AppDelegate.m; sourceTree = "<group>"; };
		1D6058910D05DD3D006BFB54 /* VoiceIt API 2 Cordova Demo App.app */ = {isa = PBXFileReference; explicitFileType = wrapper.application; includeInIndex = 0; path = "VoiceIt API 2 Cordova Demo App.app"; sourceTree = BUILT_PRODUCTS_DIR; };
		29B97316FDCFA39411CA2CEA /* main.m */ = {isa = PBXFileReference; fileEncoding = 4; lastKnownFileType = sourcecode.c.objc; path = main.m; sourceTree = "<group>"; };
		301BF52D109A57CC0062928A /* CordovaLib.xcodeproj */ = {isa = PBXFileReference; lastKnownFileType = "wrapper.pb-project"; path = CordovaLib/CordovaLib.xcodeproj; sourceTree = "<group>"; };
		301BF56E109A69640062928A /* www */ = {isa = PBXFileReference; lastKnownFileType = folder; path = www; sourceTree = SOURCE_ROOT; };
		302D95EE14D2391D003F00A1 /* MainViewController.h */ = {isa = PBXFileReference; fileEncoding = 4; lastKnownFileType = sourcecode.c.h; path = MainViewController.h; sourceTree = "<group>"; };
		302D95EF14D2391D003F00A1 /* MainViewController.m */ = {isa = PBXFileReference; fileEncoding = 4; lastKnownFileType = sourcecode.c.objc; path = MainViewController.m; sourceTree = "<group>"; };
		302D95F014D2391D003F00A1 /* MainViewController.xib */ = {isa = PBXFileReference; fileEncoding = 4; lastKnownFileType = file.xib; path = MainViewController.xib; sourceTree = "<group>"; };
		3047A50F1AB8059700498E2A /* build-debug.xcconfig */ = {isa = PBXFileReference; fileEncoding = 4; lastKnownFileType = text.xcconfig; name = "build-debug.xcconfig"; path = cordova/build-debug.xcconfig; sourceTree = SOURCE_ROOT; };
		3047A5101AB8059700498E2A /* build-release.xcconfig */ = {isa = PBXFileReference; fileEncoding = 4; lastKnownFileType = text.xcconfig; name = "build-release.xcconfig"; path = cordova/build-release.xcconfig; sourceTree = SOURCE_ROOT; };
		3047A5111AB8059700498E2A /* build.xcconfig */ = {isa = PBXFileReference; fileEncoding = 4; lastKnownFileType = text.xcconfig; name = build.xcconfig; path = cordova/build.xcconfig; sourceTree = SOURCE_ROOT; };
		32CA4F630368D1EE00C91783 /* VoiceIt API 2 Cordova Demo App-Prefix.pch */ = {isa = PBXFileReference; fileEncoding = 4; lastKnownFileType = sourcecode.c.h; path = "VoiceIt API 2 Cordova Demo App-Prefix.pch"; sourceTree = "<group>"; };
		6AFF5BF81D6E424B00AB3073 /* CDVLaunchScreen.storyboard */ = {isa = PBXFileReference; fileEncoding = 4; lastKnownFileType = file.storyboard; name = CDVLaunchScreen.storyboard; path = "VoiceIt API 2 Cordova Demo App/CDVLaunchScreen.storyboard"; sourceTree = SOURCE_ROOT; };
		8D1107310486CEB800E47090 /* VoiceIt API 2 Cordova Demo App-Info.plist */ = {isa = PBXFileReference; fileEncoding = 4; lastKnownFileType = text.plist.xml; name = "VoiceIt API 2 Cordova Demo App-Info.plist"; path = "VoiceIt API 2 Cordova Demo App/VoiceIt API 2 Cordova Demo App-Info.plist"; plistStructureDefinitionIdentifier = "com.apple.xcode.plist.structure-definition.iphone.info-plist"; sourceTree = SOURCE_ROOT; };
		EB87FDF31871DA8E0020F90C /* www */ = {isa = PBXFileReference; lastKnownFileType = folder; name = www; path = ../../www; sourceTree = "<group>"; };
		EB87FDF41871DAF40020F90C /* config.xml */ = {isa = PBXFileReference; lastKnownFileType = text.xml; name = config.xml; path = ../../config.xml; sourceTree = "<group>"; };
		F840E1F0165FE0F500CFE078 /* config.xml */ = {isa = PBXFileReference; lastKnownFileType = text.xml; name = config.xml; path = "VoiceIt API 2 Cordova Demo App/config.xml"; sourceTree = "<group>"; };
		ED33DF2A687741AEAF9F8254 /* Bridging-Header.h */ = {isa = PBXFileReference; fileEncoding = 4; lastKnownFileType = sourcecode.c.h; name = "Bridging-Header.h"; path = "Bridging-Header.h"; sourceTree = "<group>"; };
		45ABB05C1E91489391EF68E2 /* LaunchScreenStoryboard.m */ = {isa = PBXFileReference; name = "LaunchScreenStoryboard.m"; path = "cordova-plugin-launchscreen-storyboard/LaunchScreenStoryboard.m"; sourceTree = "<group>"; fileEncoding = 4; lastKnownFileType = sourcecode.c.objc; explicitFileType = undefined; includeInIndex = 0; };
		3A52A1E2A9C74FA087B49224 /* LaunchScreenStoryboard.h */ = {isa = PBXFileReference; name = "LaunchScreenStoryboard.h"; path = "cordova-plugin-launchscreen-storyboard/LaunchScreenStoryboard.h"; sourceTree = "<group>"; fileEncoding = 4; lastKnownFileType = sourcecode.c.h; explicitFileType = undefined; includeInIndex = 0; };
		45900124910E47F9A7A4C8BD /* NativeStorage.m */ = {isa = PBXFileReference; name = "NativeStorage.m"; path = "cordova-plugin-nativestorage/NativeStorage.m"; sourceTree = "<group>"; fileEncoding = 4; lastKnownFileType = sourcecode.c.objc; explicitFileType = undefined; includeInIndex = 0; };
		6D4F0695461D4EA18C50E1F2 /* NativeStorage.h */ = {isa = PBXFileReference; name = "NativeStorage.h"; path = "cordova-plugin-nativestorage/NativeStorage.h"; sourceTree = "<group>"; fileEncoding = 4; lastKnownFileType = sourcecode.c.h; explicitFileType = undefined; includeInIndex = 0; };
		1AAEED02713C4524949A7924 /* CDVOrientation.m */ = {isa = PBXFileReference; name = "CDVOrientation.m"; path = "cordova-plugin-screen-orientation/CDVOrientation.m"; sourceTree = "<group>"; fileEncoding = 4; lastKnownFileType = sourcecode.c.objc; explicitFileType = undefined; includeInIndex = 0; };
		1C58CF23D52445488C6FDB8C /* CDVOrientation.h */ = {isa = PBXFileReference; name = "CDVOrientation.h"; path = "cordova-plugin-screen-orientation/CDVOrientation.h"; sourceTree = "<group>"; fileEncoding = 4; lastKnownFileType = sourcecode.c.h; explicitFileType = undefined; includeInIndex = 0; };
		E655DD065458448A865024E6 /* EnrollFinishViewController.m */ = {isa = PBXFileReference; name = "EnrollFinishViewController.m"; path = "cordova-plugin-voiceit-api-2/EnrollFinishViewController.m"; sourceTree = "<group>"; fileEncoding = 4; lastKnownFileType = sourcecode.c.objc; explicitFileType = undefined; includeInIndex = 0; };
		E1AA82342DA7428AA656FC2A /* EnrollSetupViewController.m */ = {isa = PBXFileReference; name = "EnrollSetupViewController.m"; path = "cordova-plugin-voiceit-api-2/EnrollSetupViewController.m"; sourceTree = "<group>"; fileEncoding = 4; lastKnownFileType = sourcecode.c.objc; explicitFileType = undefined; includeInIndex = 0; };
		103D79F483EA4879974CD2C9 /* EnrollViewController.m */ = {isa = PBXFileReference; name = "EnrollViewController.m"; path = "cordova-plugin-voiceit-api-2/EnrollViewController.m"; sourceTree = "<group>"; fileEncoding = 4; lastKnownFileType = sourcecode.c.objc; explicitFileType = undefined; includeInIndex = 0; };
		4A13DD732E7446E68BD98821 /* MainNavigationController.m */ = {isa = PBXFileReference; name = "MainNavigationController.m"; path = "cordova-plugin-voiceit-api-2/MainNavigationController.m"; sourceTree = "<group>"; fileEncoding = 4; lastKnownFileType = sourcecode.c.objc; explicitFileType = undefined; includeInIndex = 0; };
		18C508E8804F4827B07568A6 /* ResponseManager.m */ = {isa = PBXFileReference; name = "ResponseManager.m"; path = "cordova-plugin-voiceit-api-2/ResponseManager.m"; sourceTree = "<group>"; fileEncoding = 4; lastKnownFileType = sourcecode.c.objc; explicitFileType = undefined; includeInIndex = 0; };
		696645CAD76C487089D95396 /* SpinningView.m */ = {isa = PBXFileReference; name = "SpinningView.m"; path = "cordova-plugin-voiceit-api-2/SpinningView.m"; sourceTree = "<group>"; fileEncoding = 4; lastKnownFileType = sourcecode.c.objc; explicitFileType = undefined; includeInIndex = 0; };
		688A831197C647FCA648329C /* Utilities.m */ = {isa = PBXFileReference; name = "Utilities.m"; path = "cordova-plugin-voiceit-api-2/Utilities.m"; sourceTree = "<group>"; fileEncoding = 4; lastKnownFileType = sourcecode.c.objc; explicitFileType = undefined; includeInIndex = 0; };
		D4AF71DBC74B42BDB75B9C10 /* Styles.m */ = {isa = PBXFileReference; name = "Styles.m"; path = "cordova-plugin-voiceit-api-2/Styles.m"; sourceTree = "<group>"; fileEncoding = 4; lastKnownFileType = sourcecode.c.objc; explicitFileType = undefined; includeInIndex = 0; };
		78D74119F44046B1B9326AD5 /* VoiceItLogo.m */ = {isa = PBXFileReference; name = "VoiceItLogo.m"; path = "cordova-plugin-voiceit-api-2/VoiceItLogo.m"; sourceTree = "<group>"; fileEncoding = 4; lastKnownFileType = sourcecode.c.objc; explicitFileType = undefined; includeInIndex = 0; };
		6CD9D9CE43D0427C8DEE4236 /* VerificationViewController.m */ = {isa = PBXFileReference; name = "VerificationViewController.m"; path = "cordova-plugin-voiceit-api-2/VerificationViewController.m"; sourceTree = "<group>"; fileEncoding = 4; lastKnownFileType = sourcecode.c.objc; explicitFileType = undefined; includeInIndex = 0; };
		9E56DBC6E7104DC1A415ECD5 /* VoiceItAPITwo.m */ = {isa = PBXFileReference; name = "VoiceItAPITwo.m"; path = "cordova-plugin-voiceit-api-2/VoiceItAPITwo.m"; sourceTree = "<group>"; fileEncoding = 4; lastKnownFileType = sourcecode.c.objc; explicitFileType = undefined; includeInIndex = 0; };
		261EFA771D8A4115B99A77A3 /* VoiceItCordova.m */ = {isa = PBXFileReference; name = "VoiceItCordova.m"; path = "cordova-plugin-voiceit-api-2/VoiceItCordova.m"; sourceTree = "<group>"; fileEncoding = 4; lastKnownFileType = sourcecode.c.objc; explicitFileType = undefined; includeInIndex = 0; };
		214CC5DB22394418984BF853 /* EnrollFinishViewController.h */ = {isa = PBXFileReference; name = "EnrollFinishViewController.h"; path = "cordova-plugin-voiceit-api-2/EnrollFinishViewController.h"; sourceTree = "<group>"; fileEncoding = 4; lastKnownFileType = sourcecode.c.h; explicitFileType = undefined; includeInIndex = 0; };
		D65CBB47213348DD96B6B36B /* EnrollSetupViewController.h */ = {isa = PBXFileReference; name = "EnrollSetupViewController.h"; path = "cordova-plugin-voiceit-api-2/EnrollSetupViewController.h"; sourceTree = "<group>"; fileEncoding = 4; lastKnownFileType = sourcecode.c.h; explicitFileType = undefined; includeInIndex = 0; };
		E493E558242743FB9543EE65 /* EnrollViewController.h */ = {isa = PBXFileReference; name = "EnrollViewController.h"; path = "cordova-plugin-voiceit-api-2/EnrollViewController.h"; sourceTree = "<group>"; fileEncoding = 4; lastKnownFileType = sourcecode.c.h; explicitFileType = undefined; includeInIndex = 0; };
		82767C8037074676A6AA5B01 /* MainNavigationController.h */ = {isa = PBXFileReference; name = "MainNavigationController.h"; path = "cordova-plugin-voiceit-api-2/MainNavigationController.h"; sourceTree = "<group>"; fileEncoding = 4; lastKnownFileType = sourcecode.c.h; explicitFileType = undefined; includeInIndex = 0; };
		280E2443C2244BD0B2BB2B43 /* ResponseManager.h */ = {isa = PBXFileReference; name = "ResponseManager.h"; path = "cordova-plugin-voiceit-api-2/ResponseManager.h"; sourceTree = "<group>"; fileEncoding = 4; lastKnownFileType = sourcecode.c.h; explicitFileType = undefined; includeInIndex = 0; };
		E6762B123B5D4C839F42CE05 /* SpinningView.h */ = {isa = PBXFileReference; name = "SpinningView.h"; path = "cordova-plugin-voiceit-api-2/SpinningView.h"; sourceTree = "<group>"; fileEncoding = 4; lastKnownFileType = sourcecode.c.h; explicitFileType = undefined; includeInIndex = 0; };
		04085A8DEC0E4393A95D3B6E /* Utilities.h */ = {isa = PBXFileReference; name = "Utilities.h"; path = "cordova-plugin-voiceit-api-2/Utilities.h"; sourceTree = "<group>"; fileEncoding = 4; lastKnownFileType = sourcecode.c.h; explicitFileType = undefined; includeInIndex = 0; };
		12EE1C0C39E54F3294087B1E /* Styles.h */ = {isa = PBXFileReference; name = "Styles.h"; path = "cordova-plugin-voiceit-api-2/Styles.h"; sourceTree = "<group>"; fileEncoding = 4; lastKnownFileType = sourcecode.c.h; explicitFileType = undefined; includeInIndex = 0; };
		B9DA3636561A4A3780C3B060 /* VoiceItLogo.h */ = {isa = PBXFileReference; name = "VoiceItLogo.h"; path = "cordova-plugin-voiceit-api-2/VoiceItLogo.h"; sourceTree = "<group>"; fileEncoding = 4; lastKnownFileType = sourcecode.c.h; explicitFileType = undefined; includeInIndex = 0; };
		3A44ABC38F254E54993FB97B /* VerificationViewController.h */ = {isa = PBXFileReference; name = "VerificationViewController.h"; path = "cordova-plugin-voiceit-api-2/VerificationViewController.h"; sourceTree = "<group>"; fileEncoding = 4; lastKnownFileType = sourcecode.c.h; explicitFileType = undefined; includeInIndex = 0; };
		D9FFC4F388D242C885BC1F44 /* VoiceItAPITwo.h */ = {isa = PBXFileReference; name = "VoiceItAPITwo.h"; path = "cordova-plugin-voiceit-api-2/VoiceItAPITwo.h"; sourceTree = "<group>"; fileEncoding = 4; lastKnownFileType = sourcecode.c.h; explicitFileType = undefined; includeInIndex = 0; };
		C82820E719024EE3BDD2896A /* VoiceItCordova.h */ = {isa = PBXFileReference; name = "VoiceItCordova.h"; path = "cordova-plugin-voiceit-api-2/VoiceItCordova.h"; sourceTree = "<group>"; fileEncoding = 4; lastKnownFileType = sourcecode.c.h; explicitFileType = undefined; includeInIndex = 0; };
		347685FBDF8D4AE8AAE621DA /* VoiceIt.storyboard */ = {isa = PBXFileReference; name = "VoiceIt.storyboard"; path = "VoiceIt.storyboard"; sourceTree = "<group>"; fileEncoding = undefined; lastKnownFileType = unknown; explicitFileType = undefined; includeInIndex = 0; };
		3709E0EC8AE345DF9942F796 /* Prompts.strings */ = {isa = PBXFileReference; name = "Prompts.strings"; path = "Prompts.strings"; sourceTree = "<group>"; fileEncoding = 4; lastKnownFileType = text.plist.strings; explicitFileType = undefined; includeInIndex = 0; };
		8E41A323FBAE426A9223EFF7 /* Foundation.framework */ = {isa = PBXFileReference; name = "Foundation.framework"; path = "System/Library/Frameworks/Foundation.framework"; sourceTree = SDKROOT; fileEncoding = undefined; lastKnownFileType = wrapper.framework; explicitFileType = undefined; includeInIndex = 0; };
		42F1776892644EE3B033E177 /* UIKit.framework */ = {isa = PBXFileReference; name = "UIKit.framework"; path = "System/Library/Frameworks/UIKit.framework"; sourceTree = SDKROOT; fileEncoding = undefined; lastKnownFileType = wrapper.framework; explicitFileType = undefined; includeInIndex = 0; };
		63D1B9C92BD045C687003581 /* AVFoundation.framework */ = {isa = PBXFileReference; name = "AVFoundation.framework"; path = "System/Library/Frameworks/AVFoundation.framework"; sourceTree = SDKROOT; fileEncoding = undefined; lastKnownFileType = wrapper.framework; explicitFileType = undefined; includeInIndex = 0; };
/* End PBXFileReference section */

/* Begin PBXFrameworksBuildPhase section */
		1D60588F0D05DD3D006BFB54 /* Frameworks */ = {
			isa = PBXFrameworksBuildPhase;
			buildActionMask = 2147483647;
			files = (
				301BF552109A68D80062928A /* libCordova.a in Frameworks */,
				BF2542C830D54CDDAFF111E6 /* Foundation.framework in Frameworks */,
				78114C9A5FC84120ADEA0AFB /* UIKit.framework in Frameworks */,
				F1DD21F48CEF416682C63CDA /* AVFoundation.framework in Frameworks */,
			);
			runOnlyForDeploymentPostprocessing = 0;
		};
/* End PBXFrameworksBuildPhase section */

/* Begin PBXGroup section */
		080E96DDFE201D6D7F000001 /* Classes */ = {
			isa = PBXGroup;
			children = (
				302D95EE14D2391D003F00A1 /* MainViewController.h */,
				302D95EF14D2391D003F00A1 /* MainViewController.m */,
				302D95F014D2391D003F00A1 /* MainViewController.xib */,
				1D3623240D0F684500981E51 /* AppDelegate.h */,
				1D3623250D0F684500981E51 /* AppDelegate.m */,
			);
			name = Classes;
			path = "VoiceIt API 2 Cordova Demo App/Classes";
			sourceTree = SOURCE_ROOT;
		};
		19C28FACFE9D520D11CA2CBB /* Products */ = {
			isa = PBXGroup;
			children = (
				1D6058910D05DD3D006BFB54 /* VoiceIt API 2 Cordova Demo App.app */,
			);
			name = Products;
			sourceTree = "<group>";
		};
		29B97314FDCFA39411CA2CEA /* CustomTemplate */ = {
			isa = PBXGroup;
			children = (
				EB87FDF41871DAF40020F90C /* config.xml */,
				EB87FDF31871DA8E0020F90C /* www */,
				EB87FDF11871DA420020F90C /* Staging */,
				301BF52D109A57CC0062928A /* CordovaLib.xcodeproj */,
				080E96DDFE201D6D7F000001 /* Classes */,
				307C750510C5A3420062BCA9 /* Plugins */,
				29B97315FDCFA39411CA2CEA /* Other Sources */,
				29B97317FDCFA39411CA2CEA /* Resources */,
				29B97323FDCFA39411CA2CEA /* Frameworks */,
				19C28FACFE9D520D11CA2CBB /* Products */,
			);
			name = CustomTemplate;
			sourceTree = "<group>";
		};
		29B97315FDCFA39411CA2CEA /* Other Sources */ = {
			isa = PBXGroup;
			children = (
				32CA4F630368D1EE00C91783 /* VoiceIt API 2 Cordova Demo App-Prefix.pch */,
				29B97316FDCFA39411CA2CEA /* main.m */,
				ED33DF2A687741AEAF9F8254 /* Bridging-Header.h */,
			);
			name = "Other Sources";
			path = "VoiceIt API 2 Cordova Demo App";
			sourceTree = "<group>";
		};
		29B97317FDCFA39411CA2CEA /* Resources */ = {
			isa = PBXGroup;
			children = (
				0207DA571B56EA530066E2B4 /* Images.xcassets */,
				3047A50E1AB8057F00498E2A /* config */,
				8D1107310486CEB800E47090 /* VoiceIt API 2 Cordova Demo App-Info.plist */,
				6AFF5BF81D6E424B00AB3073 /* CDVLaunchScreen.storyboard */,
				347685FBDF8D4AE8AAE621DA /* VoiceIt.storyboard */,
				3709E0EC8AE345DF9942F796 /* Prompts.strings */,
			);
			name = Resources;
			path = "VoiceIt API 2 Cordova Demo App/Resources";
			sourceTree = "<group>";
		};
		29B97323FDCFA39411CA2CEA /* Frameworks */ = {
			isa = PBXGroup;
			children = (
				8E41A323FBAE426A9223EFF7 /* Foundation.framework */,
				42F1776892644EE3B033E177 /* UIKit.framework */,
				63D1B9C92BD045C687003581 /* AVFoundation.framework */,
			);
			name = Frameworks;
			sourceTree = "<group>";
		};
		301BF52E109A57CC0062928A /* Products */ = {
			isa = PBXGroup;
			children = (
				301BF535109A57CC0062928A /* libCordova.a */,
			);
			name = Products;
			sourceTree = "<group>";
		};
		3047A50E1AB8057F00498E2A /* config */ = {
			isa = PBXGroup;
			children = (
				3047A50F1AB8059700498E2A /* build-debug.xcconfig */,
				3047A5101AB8059700498E2A /* build-release.xcconfig */,
				3047A5111AB8059700498E2A /* build.xcconfig */,
			);
			name = config;
			sourceTree = "<group>";
		};
		307C750510C5A3420062BCA9 /* Plugins */ = {
			isa = PBXGroup;
			children = (
				45ABB05C1E91489391EF68E2 /* LaunchScreenStoryboard.m */,
				3A52A1E2A9C74FA087B49224 /* LaunchScreenStoryboard.h */,
				45900124910E47F9A7A4C8BD /* NativeStorage.m */,
				6D4F0695461D4EA18C50E1F2 /* NativeStorage.h */,
				1AAEED02713C4524949A7924 /* CDVOrientation.m */,
				1C58CF23D52445488C6FDB8C /* CDVOrientation.h */,
				E655DD065458448A865024E6 /* EnrollFinishViewController.m */,
				E1AA82342DA7428AA656FC2A /* EnrollSetupViewController.m */,
				103D79F483EA4879974CD2C9 /* EnrollViewController.m */,
				4A13DD732E7446E68BD98821 /* MainNavigationController.m */,
				18C508E8804F4827B07568A6 /* ResponseManager.m */,
				696645CAD76C487089D95396 /* SpinningView.m */,
				688A831197C647FCA648329C /* Utilities.m */,
				D4AF71DBC74B42BDB75B9C10 /* Styles.m */,
				78D74119F44046B1B9326AD5 /* VoiceItLogo.m */,
				6CD9D9CE43D0427C8DEE4236 /* VerificationViewController.m */,
				9E56DBC6E7104DC1A415ECD5 /* VoiceItAPITwo.m */,
				261EFA771D8A4115B99A77A3 /* VoiceItCordova.m */,
				214CC5DB22394418984BF853 /* EnrollFinishViewController.h */,
				D65CBB47213348DD96B6B36B /* EnrollSetupViewController.h */,
				E493E558242743FB9543EE65 /* EnrollViewController.h */,
				82767C8037074676A6AA5B01 /* MainNavigationController.h */,
				280E2443C2244BD0B2BB2B43 /* ResponseManager.h */,
				E6762B123B5D4C839F42CE05 /* SpinningView.h */,
				04085A8DEC0E4393A95D3B6E /* Utilities.h */,
				12EE1C0C39E54F3294087B1E /* Styles.h */,
				B9DA3636561A4A3780C3B060 /* VoiceItLogo.h */,
				3A44ABC38F254E54993FB97B /* VerificationViewController.h */,
				D9FFC4F388D242C885BC1F44 /* VoiceItAPITwo.h */,
				C82820E719024EE3BDD2896A /* VoiceItCordova.h */,
			);
			name = Plugins;
			path = "VoiceIt API 2 Cordova Demo App/Plugins";
			sourceTree = SOURCE_ROOT;
		};
		EB87FDF11871DA420020F90C /* Staging */ = {
			isa = PBXGroup;
			children = (
				F840E1F0165FE0F500CFE078 /* config.xml */,
				301BF56E109A69640062928A /* www */,
			);
			name = Staging;
			sourceTree = "<group>";
		};
/* End PBXGroup section */

/* Begin PBXNativeTarget section */
		1D6058900D05DD3D006BFB54 /* VoiceIt API 2 Cordova Demo App */ = {
			isa = PBXNativeTarget;
			buildConfigurationList = 1D6058960D05DD3E006BFB54 /* Build configuration list for PBXNativeTarget "VoiceIt API 2 Cordova Demo App" */;
			buildPhases = (
				304B58A110DAC018002A0835 /* Copy www directory */,
				1D60588D0D05DD3D006BFB54 /* Resources */,
				1D60588E0D05DD3D006BFB54 /* Sources */,
				1D60588F0D05DD3D006BFB54 /* Frameworks */,
			);
			buildRules = (
			);
			dependencies = (
				301BF551109A68C00062928A /* PBXTargetDependency */,
			);
			name = "VoiceIt API 2 Cordova Demo App";
			productName = "VoiceIt API 2 Cordova Demo App";
			productReference = 1D6058910D05DD3D006BFB54 /* VoiceIt API 2 Cordova Demo App.app */;
			productType = "com.apple.product-type.application";
		};
/* End PBXNativeTarget section */

/* Begin PBXProject section */
		29B97313FDCFA39411CA2CEA /* Project object */ = {
			isa = PBXProject;
			attributes = {
				LastUpgradeCheck = 510;
			};
			buildConfigurationList = C01FCF4E08A954540054247B /* Build configuration list for PBXProject "__NON-CLI__" */;
			compatibilityVersion = "Xcode 3.2";
			developmentRegion = English;
			hasScannedForEncodings = 1;
			mainGroup = 29B97314FDCFA39411CA2CEA /* CustomTemplate */;
			projectDirPath = "";
			projectReferences = (
				{
					ProductGroup = 301BF52E109A57CC0062928A /* Products */;
					ProjectRef = 301BF52D109A57CC0062928A /* CordovaLib.xcodeproj */;
				},
			);
			projectRoot = "";
			targets = (
				1D6058900D05DD3D006BFB54 /* VoiceIt API 2 Cordova Demo App */,
			);
		};
/* End PBXProject section */

/* Begin PBXReferenceProxy section */
		301BF535109A57CC0062928A /* libCordova.a */ = {
			isa = PBXReferenceProxy;
			fileType = archive.ar;
			path = libCordova.a;
			remoteRef = 301BF534109A57CC0062928A /* PBXContainerItemProxy */;
			sourceTree = BUILT_PRODUCTS_DIR;
		};
/* End PBXReferenceProxy section */

/* Begin PBXResourcesBuildPhase section */
		1D60588D0D05DD3D006BFB54 /* Resources */ = {
			isa = PBXResourcesBuildPhase;
			buildActionMask = 2147483647;
			files = (
				302D95F214D2391D003F00A1 /* MainViewController.xib in Resources */,
				0207DA581B56EA530066E2B4 /* Images.xcassets in Resources */,
				6AFF5BF91D6E424B00AB3073 /* CDVLaunchScreen.storyboard in Resources */,
				2CFC7FADCAFA4568BF23E78C /* VoiceIt.storyboard in Resources */,
				6D95FE37F2D14EA88312FF04 /* Prompts.strings in Resources */,
			);
			runOnlyForDeploymentPostprocessing = 0;
		};
/* End PBXResourcesBuildPhase section */

/* Begin PBXShellScriptBuildPhase section */
		304B58A110DAC018002A0835 /* Copy www directory */ = {
			isa = PBXShellScriptBuildPhase;
			buildActionMask = 2147483647;
			files = (
			);
			inputPaths = (
			);
			name = "Copy www directory";
			outputPaths = (
			);
			runOnlyForDeploymentPostprocessing = 0;
			shellPath = /bin/sh;
			shellScript = "NODEJS_PATH=/usr/local/bin; NVM_NODE_PATH=~/.nvm/versions/node/`nvm version 2>/dev/null`/bin; N_NODE_PATH=`find /usr/local/n/versions/node/* -maxdepth 0 -type d 2>/dev/null | tail -1`/bin; XCODE_NODE_PATH=`xcode-select --print-path`/usr/share/xcs/Node/bin; PATH=$NODEJS_PATH:$NVM_NODE_PATH:$N_NODE_PATH:$XCODE_NODE_PATH:$PATH && node cordova/lib/copy-www-build-step.js";
			showEnvVarsInLog = 0;
		};
/* End PBXShellScriptBuildPhase section */

/* Begin PBXSourcesBuildPhase section */
		1D60588E0D05DD3D006BFB54 /* Sources */ = {
			isa = PBXSourcesBuildPhase;
			buildActionMask = 2147483647;
			files = (
				1D60589B0D05DD56006BFB54 /* main.m in Sources */,
				1D3623260D0F684500981E51 /* AppDelegate.m in Sources */,
				302D95F114D2391D003F00A1 /* MainViewController.m in Sources */,
				FEDB0071D8794709A64D84F9 /* LaunchScreenStoryboard.m in Sources */,
				B70A40781C334CFC886BD8AD /* NativeStorage.m in Sources */,
				1606A43B41BC4CCCB905F72E /* CDVOrientation.m in Sources */,
				EE3252C5129C468E82DCBEC1 /* EnrollFinishViewController.m in Sources */,
				09EE8226948B4CF5BA504FE6 /* EnrollSetupViewController.m in Sources */,
				83A025E28AA24911A54295D3 /* EnrollViewController.m in Sources */,
				C720C350A8C9499A96A7C0B7 /* MainNavigationController.m in Sources */,
				7067B7C388C04F808249A588 /* ResponseManager.m in Sources */,
				161902A1D85D4B6384EB5BA3 /* SpinningView.m in Sources */,
				4337E7FBEADE438AAF17F943 /* Utilities.m in Sources */,
				388876671AA94257A7115727 /* Styles.m in Sources */,
				9271A1ADEC8E42D6B784029E /* VoiceItLogo.m in Sources */,
				327D341810DB403A84A9C39F /* VerificationViewController.m in Sources */,
				19F697BDEBFC4592A011EAFA /* VoiceItAPITwo.m in Sources */,
				AD2773147D124F0B9AC94827 /* VoiceItCordova.m in Sources */,
			);
			runOnlyForDeploymentPostprocessing = 0;
		};
/* End PBXSourcesBuildPhase section */

/* Begin PBXTargetDependency section */
		301BF551109A68C00062928A /* PBXTargetDependency */ = {
			isa = PBXTargetDependency;
			name = CordovaLib;
			targetProxy = 301BF550109A68C00062928A /* PBXContainerItemProxy */;
		};
/* End PBXTargetDependency section */

/* Begin XCBuildConfiguration section */
		1D6058940D05DD3E006BFB54 /* Debug */ = {
			isa = XCBuildConfiguration;
			baseConfigurationReference = 3047A50F1AB8059700498E2A /* build-debug.xcconfig */;
			buildSettings = {
				ALWAYS_SEARCH_USER_PATHS = NO;
				ASSETCATALOG_COMPILER_APPICON_NAME = AppIcon;
				CLANG_ENABLE_MODULES = YES;
				CLANG_ENABLE_OBJC_ARC = YES;
				COPY_PHASE_STRIP = NO;
				GCC_DYNAMIC_NO_PIC = NO;
				GCC_OPTIMIZATION_LEVEL = 0;
				GCC_PRECOMPILE_PREFIX_HEADER = YES;
				GCC_PREFIX_HEADER = "VoiceIt API 2 Cordova Demo App/VoiceIt API 2 Cordova Demo App-Prefix.pch";
				GCC_THUMB_SUPPORT = NO;
				GCC_VERSION = "";
				INFOPLIST_FILE = "VoiceIt API 2 Cordova Demo App/VoiceIt API 2 Cordova Demo App-Info.plist";
				IPHONEOS_DEPLOYMENT_TARGET = 9.0;
				LD_RUNPATH_SEARCH_PATHS = "@executable_path/Frameworks";
				TARGETED_DEVICE_FAMILY = "1,2";
				PRODUCT_NAME = "VoiceIt API 2 Cordova Demo App";
			};
			name = Debug;
		};
		1D6058950D05DD3E006BFB54 /* Release */ = {
			isa = XCBuildConfiguration;
			baseConfigurationReference = 3047A5101AB8059700498E2A /* build-release.xcconfig */;
			buildSettings = {
				ALWAYS_SEARCH_USER_PATHS = NO;
				ASSETCATALOG_COMPILER_APPICON_NAME = AppIcon;
				CLANG_ENABLE_MODULES = YES;
				CLANG_ENABLE_OBJC_ARC = YES;
				COPY_PHASE_STRIP = YES;
				GCC_PRECOMPILE_PREFIX_HEADER = YES;
				GCC_PREFIX_HEADER = "VoiceIt API 2 Cordova Demo App/VoiceIt API 2 Cordova Demo App-Prefix.pch";
				GCC_THUMB_SUPPORT = NO;
				GCC_VERSION = "";
				INFOPLIST_FILE = "VoiceIt API 2 Cordova Demo App/VoiceIt API 2 Cordova Demo App-Info.plist";
				IPHONEOS_DEPLOYMENT_TARGET = 9.0;
				LD_RUNPATH_SEARCH_PATHS = "@executable_path/Frameworks";
				TARGETED_DEVICE_FAMILY = "1,2";
				PRODUCT_NAME = "VoiceIt API 2 Cordova Demo App";
			};
			name = Release;
		};
		C01FCF4F08A954540054247B /* Debug */ = {
			isa = XCBuildConfiguration;
			baseConfigurationReference = 3047A5111AB8059700498E2A /* build.xcconfig */;
			buildSettings = {
				CLANG_ENABLE_MODULES = YES;
				CLANG_ENABLE_OBJC_ARC = YES;
				CLANG_WARN_BOOL_CONVERSION = YES;
				CLANG_WARN_CONSTANT_CONVERSION = YES;
				CLANG_WARN_EMPTY_BODY = YES;
				CLANG_WARN_ENUM_CONVERSION = YES;
				CLANG_WARN_INT_CONVERSION = YES;
				CLANG_WARN__DUPLICATE_METHOD_MATCH = YES;
				GCC_C_LANGUAGE_STANDARD = c99;
				GCC_THUMB_SUPPORT = NO;
				GCC_VERSION = "";
				GCC_WARN_ABOUT_RETURN_TYPE = YES;
				GCC_WARN_UNDECLARED_SELECTOR = YES;
				GCC_WARN_UNINITIALIZED_AUTOS = YES;
				GCC_WARN_UNUSED_FUNCTION = YES;
				GCC_WARN_UNUSED_VARIABLE = YES;
				ONLY_ACTIVE_ARCH = YES;
				SDKROOT = iphoneos;
				SKIP_INSTALL = NO;
			};
			name = Debug;
		};
		C01FCF5008A954540054247B /* Release */ = {
			isa = XCBuildConfiguration;
			baseConfigurationReference = 3047A5111AB8059700498E2A /* build.xcconfig */;
			buildSettings = {
				CLANG_ENABLE_MODULES = YES;
				CLANG_ENABLE_OBJC_ARC = YES;
				CLANG_WARN_BOOL_CONVERSION = YES;
				CLANG_WARN_CONSTANT_CONVERSION = YES;
				CLANG_WARN_EMPTY_BODY = YES;
				CLANG_WARN_ENUM_CONVERSION = YES;
				CLANG_WARN_INT_CONVERSION = YES;
				CLANG_WARN__DUPLICATE_METHOD_MATCH = YES;
				GCC_C_LANGUAGE_STANDARD = c99;
				GCC_THUMB_SUPPORT = NO;
				GCC_VERSION = "";
				GCC_WARN_ABOUT_RETURN_TYPE = YES;
				GCC_WARN_UNDECLARED_SELECTOR = YES;
				GCC_WARN_UNINITIALIZED_AUTOS = YES;
				GCC_WARN_UNUSED_FUNCTION = YES;
				GCC_WARN_UNUSED_VARIABLE = YES;
				SDKROOT = iphoneos;
				SKIP_INSTALL = NO;
			};
			name = Release;
		};
/* End XCBuildConfiguration section */

/* Begin XCConfigurationList section */
		1D6058960D05DD3E006BFB54 /* Build configuration list for PBXNativeTarget "VoiceIt API 2 Cordova Demo App" */ = {
			isa = XCConfigurationList;
			buildConfigurations = (
				1D6058940D05DD3E006BFB54 /* Debug */,
				1D6058950D05DD3E006BFB54 /* Release */,
			);
			defaultConfigurationIsVisible = 0;
			defaultConfigurationName = Release;
		};
		C01FCF4E08A954540054247B /* Build configuration list for PBXProject "__NON-CLI__" */ = {
			isa = XCConfigurationList;
			buildConfigurations = (
				C01FCF4F08A954540054247B /* Debug */,
				C01FCF5008A954540054247B /* Release */,
			);
			defaultConfigurationIsVisible = 0;
			defaultConfigurationName = Release;
		};
/* End XCConfigurationList section */
	};
	rootObject = 29B97313FDCFA39411CA2CEA /* Project object */;
}
